
Microsoft Visual Studio Solution File, Format Version 12.00
# Visual Studio Version 16
VisualStudioVersion = 16.0.29102.190
MinimumVisualStudioVersion = 10.0.40219.1
Project("{9A19103F-16F7-4668-BE54-9A1E7A4F7556}") = "WebApplication", "WebApplication\WebApplication.csproj", "{415B4886-46DB-4FEE-A632-42D5AA15A94C}"
EndProject
Project("{9A19103F-16F7-4668-BE54-9A1E7A4F7556}") = "Api", "Api\Api.csproj", "{31ACB913-0CD6-4989-B7B0-33FC52F74862}"
EndProject
Project("{9A19103F-16F7-4668-BE54-9A1E7A4F7556}") = "Empty", "Empty\Empty.csproj", "{63AA7DE3-0F5F-4B33-A5D9-E9F1713D35BE}"
EndProject
Project("{9A19103F-16F7-4668-BE54-9A1E7A4F7556}") = "Course", "Course\Course.csproj", "{9E7D0760-EF56-4F94-B28A-0EDDA256AA9E}"
EndProject
Project("{FAE04EC0-301F-11D3-BF4B-00C04F79EFBC}") = "ApiCisalfa", "ApiCisalfa\ApiCisalfa.csproj", "{C005CB92-055B-4328-8B35-6AB97DD7F769}"
EndProject
Global
	GlobalSection(SolutionConfigurationPlatforms) = preSolution
		Debug|Any CPU = Debug|Any CPU
		Release|Any CPU = Release|Any CPU
	EndGlobalSection
	GlobalSection(ProjectConfigurationPlatforms) = postSolution
		{415B4886-46DB-4FEE-A632-42D5AA15A94C}.Debug|Any CPU.ActiveCfg = Debug|Any CPU
		{415B4886-46DB-4FEE-A632-42D5AA15A94C}.Debug|Any CPU.Build.0 = Debug|Any CPU
		{415B4886-46DB-4FEE-A632-42D5AA15A94C}.Release|Any CPU.ActiveCfg = Release|Any CPU
		{415B4886-46DB-4FEE-A632-42D5AA15A94C}.Release|Any CPU.Build.0 = Release|Any CPU
		{31ACB913-0CD6-4989-B7B0-33FC52F74862}.Debug|Any CPU.ActiveCfg = Debug|Any CPU
		{31ACB913-0CD6-4989-B7B0-33FC52F74862}.Debug|Any CPU.Build.0 = Debug|Any CPU
		{31ACB913-0CD6-4989-B7B0-33FC52F74862}.Release|Any CPU.ActiveCfg = Release|Any CPU
		{31ACB913-0CD6-4989-B7B0-33FC52F74862}.Release|Any CPU.Build.0 = Release|Any CPU
		{63AA7DE3-0F5F-4B33-A5D9-E9F1713D35BE}.Debug|Any CPU.ActiveCfg = Debug|Any CPU
		{63AA7DE3-0F5F-4B33-A5D9-E9F1713D35BE}.Debug|Any CPU.Build.0 = Debug|Any CPU
		{63AA7DE3-0F5F-4B33-A5D9-E9F1713D35BE}.Release|Any CPU.ActiveCfg = Release|Any CPU
		{63AA7DE3-0F5F-4B33-A5D9-E9F1713D35BE}.Release|Any CPU.Build.0 = Release|Any CPU
		{9E7D0760-EF56-4F94-B28A-0EDDA256AA9E}.Debug|Any CPU.ActiveCfg = Debug|Any CPU
		{9E7D0760-EF56-4F94-B28A-0EDDA256AA9E}.Debug|Any CPU.Build.0 = Debug|Any CPU
		{9E7D0760-EF56-4F94-B28A-0EDDA256AA9E}.Release|Any CPU.ActiveCfg = Release|Any CPU
		{9E7D0760-EF56-4F94-B28A-0EDDA256AA9E}.Release|Any CPU.Build.0 = Release|Any CPU
		{C005CB92-055B-4328-8B35-6AB97DD7F769}.Debug|Any CPU.ActiveCfg = Debug|Any CPU
		{C005CB92-055B-4328-8B35-6AB97DD7F769}.Debug|Any CPU.Build.0 = Debug|Any CPU
		{C005CB92-055B-4328-8B35-6AB97DD7F769}.Release|Any CPU.ActiveCfg = Release|Any CPU
		{C005CB92-055B-4328-8B35-6AB97DD7F769}.Release|Any CPU.Build.0 = Release|Any CPU
	EndGlobalSection
	GlobalSection(SolutionProperties) = preSolution
		HideSolutionNode = FALSE
	EndGlobalSection
	GlobalSection(ExtensibilityGlobals) = postSolution
		SolutionGuid = {C29FFB9D-D20C-4FDA-9039-3FAA5800B3BF}
	EndGlobalSection
EndGlobal
